
Microsoft Visual Studio Solution File, Format Version 12.00
# Visual Studio 15
VisualStudioVersion = 15.0.27428.2027
MinimumVisualStudioVersion = 10.0.40219.1
Project("{FAE04EC0-301F-11D3-BF4B-00C04F79EFBC}") = "Security Monitoring", "Security Monitoring\Security Monitoring.csproj", "{AB37DC74-9A0A-4675-BFE7-2E893748E14D}"
EndProject
Global
	GlobalSection(SolutionConfigurationPlatforms) = preSolution
		Debug|Any CPU = Debug|Any CPU
		Release|Any CPU = Release|Any CPU
	EndGlobalSection
	GlobalSection(ProjectConfigurationPlatforms) = postSolution
		{AB37DC74-9A0A-4675-BFE7-2E893748E14D}.Debug|Any CPU.ActiveCfg = Debug|Any CPU
		{AB37DC74-9A0A-4675-BFE7-2E893748E14D}.Debug|Any CPU.Build.0 = Debug|Any CPU
		{AB37DC74-9A0A-4675-BFE7-2E893748E14D}.Release|Any CPU.ActiveCfg = Release|Any CPU
		{AB37DC74-9A0A-4675-BFE7-2E893748E14D}.Release|Any CPU.Build.0 = Release|Any CPU
	EndGlobalSection
	GlobalSection(SolutionProperties) = preSolution
		HideSolutionNode = FALSE
	EndGlobalSection
	GlobalSection(ExtensibilityGlobals) = postSolution
		SolutionGuid = {5B94B470-48E3-495B-BEFF-004E1DC9DDD3}
	EndGlobalSection
EndGlobal
